// !$*UTF8*$!
{
	archiveVersion = 1;
	classes = {
	};
	objectVersion = 46;
	objects = {

/* Begin PBXBuildFile section */
		9A12CE0F193065FC000FD2C6 /* social_qq@2x.png in Resources */ = {isa = PBXBuildFile; fileRef = 9A12CE0D193065FC000FD2C6 /* social_qq@2x.png */; };
		9A12CE10193065FC000FD2C6 /* social_wx@2x.png in Resources */ = {isa = PBXBuildFile; fileRef = 9A12CE0E193065FC000FD2C6 /* social_wx@2x.png */; };
		9A2702A2192DE1660003FA51 /* add@2x.png in Resources */ = {isa = PBXBuildFile; fileRef = 9A2702A1192DE1660003FA51 /* add@2x.png */; };
		9A2702A4193054E90003FA51 /* social_header@2x.png in Resources */ = {isa = PBXBuildFile; fileRef = 9A2702A3193054E90003FA51 /* social_header@2x.png */; };
		9A29298D192D8540008A461F /* ManageViewController.m in Sources */ = {isa = PBXBuildFile; fileRef = 9A29298C192D8540008A461F /* ManageViewController.m */; };
		9A3C704E1930866000964A9E /* social_wp@2x.png in Resources */ = {isa = PBXBuildFile; fileRef = 9A3C704D1930866000964A9E /* social_wp@2x.png */; };
		9A554E9B192C1EB200D8B221 /* MJRefresh.bundle in Resources */ = {isa = PBXBuildFile; fileRef = 9A554E91192C1EB200D8B221 /* MJRefresh.bundle */; };
		9A554E9C192C1EB200D8B221 /* MJRefreshBaseView.m in Sources */ = {isa = PBXBuildFile; fileRef = 9A554E94192C1EB200D8B221 /* MJRefreshBaseView.m */; };
		9A554E9D192C1EB200D8B221 /* MJRefreshConst.m in Sources */ = {isa = PBXBuildFile; fileRef = 9A554E96192C1EB200D8B221 /* MJRefreshConst.m */; };
		9A554E9E192C1EB200D8B221 /* MJRefreshFooterView.m in Sources */ = {isa = PBXBuildFile; fileRef = 9A554E98192C1EB200D8B221 /* MJRefreshFooterView.m */; };
		9A554E9F192C1EB200D8B221 /* MJRefreshHeaderView.m in Sources */ = {isa = PBXBuildFile; fileRef = 9A554E9A192C1EB200D8B221 /* MJRefreshHeaderView.m */; };
		9A5885301929931800A648E4 /* NavigationController.m in Sources */ = {isa = PBXBuildFile; fileRef = 9A58852F1929931800A648E4 /* NavigationController.m */; };
		9A5885331929B0D800A648E4 /* MainTableViewCell.m in Sources */ = {isa = PBXBuildFile; fileRef = 9A5885321929B0D800A648E4 /* MainTableViewCell.m */; };
		9A5885351929B43600A648E4 /* 01@2x.jpg in Resources */ = {isa = PBXBuildFile; fileRef = 9A5885341929B43600A648E4 /* 01@2x.jpg */; };
		9A5AED951929CADC008CC3CF /* MainTableViewCell.xib in Resources */ = {isa = PBXBuildFile; fileRef = 9A5AED941929CADC008CC3CF /* MainTableViewCell.xib */; };
		9A5AED971929D81D008CC3CF /* phone_call@2x.png in Resources */ = {isa = PBXBuildFile; fileRef = 9A5AED961929D81D008CC3CF /* phone_call@2x.png */; };
		9A5AED991929D942008CC3CF /* phone_message@2x.png in Resources */ = {isa = PBXBuildFile; fileRef = 9A5AED981929D942008CC3CF /* phone_message@2x.png */; };
		9A5AEDA91929ED6E008CC3CF /* UIBarButtonItem+WEPopover.m in Sources */ = {isa = PBXBuildFile; fileRef = 9A5AED9F1929ED6E008CC3CF /* UIBarButtonItem+WEPopover.m */; };
		9A5AEDAA1929ED6E008CC3CF /* TSPopoverController.m in Sources */ = {isa = PBXBuildFile; fileRef = 9A5AEDA11929ED6E008CC3CF /* TSPopoverController.m */; };
		9A5AEDAB1929ED6E008CC3CF /* TSPopoverTouchView.m in Sources */ = {isa = PBXBuildFile; fileRef = 9A5AEDA31929ED6E008CC3CF /* TSPopoverTouchView.m */; };
		9A5AEDAC1929ED6E008CC3CF /* TSPopoverPopoverView.m in Sources */ = {isa = PBXBuildFile; fileRef = 9A5AEDA61929ED6E008CC3CF /* TSPopoverPopoverView.m */; };
		9A5AEDAD1929ED6E008CC3CF /* TSActionSheet.m in Sources */ = {isa = PBXBuildFile; fileRef = 9A5AEDA81929ED6E008CC3CF /* TSActionSheet.m */; };
		9A5AEDB1192AE634008CC3CF /* EditingViewController.m in Sources */ = {isa = PBXBuildFile; fileRef = 9A5AEDAF192AE634008CC3CF /* EditingViewController.m */; };
		9A5AEDBE192AEE1C008CC3CF /* TPKeyboardAvoidingTableView.m in Sources */ = {isa = PBXBuildFile; fileRef = 9A5AEDB5192AEE1C008CC3CF /* TPKeyboardAvoidingTableView.m */; };
		9A5AEDBF192AEE1C008CC3CF /* UIScrollView+TPKeyboardAvoidingAdditions.m in Sources */ = {isa = PBXBuildFile; fileRef = 9A5AEDB7192AEE1C008CC3CF /* UIScrollView+TPKeyboardAvoidingAdditions.m */; };
		9A5AEDC0192AEE1C008CC3CF /* TPKeyboardAvoidingScrollView.m in Sources */ = {isa = PBXBuildFile; fileRef = 9A5AEDB9192AEE1C008CC3CF /* TPKeyboardAvoidingScrollView.m */; };
		9A5AEDC1192AEE1C008CC3CF /* UIPlaceHolderTextView.m in Sources */ = {isa = PBXBuildFile; fileRef = 9A5AEDBB192AEE1C008CC3CF /* UIPlaceHolderTextView.m */; };
		9A5AEDC2192AEE1C008CC3CF /* UIInsetTextField.m in Sources */ = {isa = PBXBuildFile; fileRef = 9A5AEDBD192AEE1C008CC3CF /* UIInsetTextField.m */; };
		9A63F96C192CE92300987DAD /* circle1@2x.png in Resources */ = {isa = PBXBuildFile; fileRef = 9A63F968192CE92300987DAD /* circle1@2x.png */; };
		9A63F96D192CE92300987DAD /* circle2@2x.png in Resources */ = {isa = PBXBuildFile; fileRef = 9A63F969192CE92300987DAD /* circle2@2x.png */; };
		9A63F96E192CE92300987DAD /* circle3@2x.png in Resources */ = {isa = PBXBuildFile; fileRef = 9A63F96A192CE92300987DAD /* circle3@2x.png */; };
		9A63F96F192CE92300987DAD /* circle4@2x.png in Resources */ = {isa = PBXBuildFile; fileRef = 9A63F96B192CE92300987DAD /* circle4@2x.png */; };
		9AA7519F193C9EB200965BCF /* YHLoadHeaderImage.m in Sources */ = {isa = PBXBuildFile; fileRef = 9AA7519E193C9EB200965BCF /* YHLoadHeaderImage.m */; };
		9AC0F62D1931DAA900E6DFCD /* logo_temp@2x.png in Resources */ = {isa = PBXBuildFile; fileRef = 9AC0F62C1931DAA900E6DFCD /* logo_temp@2x.png */; };
		9ADBE937192CF1FA00C1E9F8 /* dot1@2x.png in Resources */ = {isa = PBXBuildFile; fileRef = 9ADBE935192CF1FA00C1E9F8 /* dot1@2x.png */; };
		9ADBE938192CF1FA00C1E9F8 /* dot2@2x.png in Resources */ = {isa = PBXBuildFile; fileRef = 9ADBE936192CF1FA00C1E9F8 /* dot2@2x.png */; };
		9ADE72FF192DAF81007CD118 /* tab_about@2x.png in Resources */ = {isa = PBXBuildFile; fileRef = 9ADE72FD192DAF81007CD118 /* tab_about@2x.png */; };
		9ADE7300192DAF81007CD118 /* tab_find@2x.png in Resources */ = {isa = PBXBuildFile; fileRef = 9ADE72FE192DAF81007CD118 /* tab_find@2x.png */; };
		9ADE7302192DB224007CD118 /* circle0@2x.png in Resources */ = {isa = PBXBuildFile; fileRef = 9ADE7301192DB224007CD118 /* circle0@2x.png */; };
		9AF85E96192D9A0E00D1D5B9 /* CustomButton.m in Sources */ = {isa = PBXBuildFile; fileRef = 9AF85E95192D9A0E00D1D5B9 /* CustomButton.m */; };
		9AF85E99192DA5C100D1D5B9 /* content_delete@2x.png in Resources */ = {isa = PBXBuildFile; fileRef = 9AF85E97192DA5C100D1D5B9 /* content_delete@2x.png */; };
		9AF85E9A192DA5C100D1D5B9 /* content_hide@2x.png in Resources */ = {isa = PBXBuildFile; fileRef = 9AF85E98192DA5C100D1D5B9 /* content_hide@2x.png */; };
		9AFBD119192971EA00491A83 /* Foundation.framework in Frameworks */ = {isa = PBXBuildFile; fileRef = 9AFBD118192971EA00491A83 /* Foundation.framework */; };
		9AFBD11B192971EA00491A83 /* CoreGraphics.framework in Frameworks */ = {isa = PBXBuildFile; fileRef = 9AFBD11A192971EA00491A83 /* CoreGraphics.framework */; };
		9AFBD11D192971EA00491A83 /* UIKit.framework in Frameworks */ = {isa = PBXBuildFile; fileRef = 9AFBD11C192971EA00491A83 /* UIKit.framework */; };
		9AFBD123192971EA00491A83 /* InfoPlist.strings in Resources */ = {isa = PBXBuildFile; fileRef = 9AFBD121192971EA00491A83 /* InfoPlist.strings */; };
		9AFBD125192971EA00491A83 /* main.m in Sources */ = {isa = PBXBuildFile; fileRef = 9AFBD124192971EA00491A83 /* main.m */; };
		9AFBD129192971EA00491A83 /* AppDelegate.m in Sources */ = {isa = PBXBuildFile; fileRef = 9AFBD128192971EA00491A83 /* AppDelegate.m */; };
		9AFBD12B192971EA00491A83 /* Images.xcassets in Resources */ = {isa = PBXBuildFile; fileRef = 9AFBD12A192971EA00491A83 /* Images.xcassets */; };
		9AFBD132192971EA00491A83 /* XCTest.framework in Frameworks */ = {isa = PBXBuildFile; fileRef = 9AFBD131192971EA00491A83 /* XCTest.framework */; };
		9AFBD133192971EA00491A83 /* Foundation.framework in Frameworks */ = {isa = PBXBuildFile; fileRef = 9AFBD118192971EA00491A83 /* Foundation.framework */; };
		9AFBD134192971EA00491A83 /* UIKit.framework in Frameworks */ = {isa = PBXBuildFile; fileRef = 9AFBD11C192971EA00491A83 /* UIKit.framework */; };
		9AFBD13C192971EA00491A83 /* InfoPlist.strings in Resources */ = {isa = PBXBuildFile; fileRef = 9AFBD13A192971EA00491A83 /* InfoPlist.strings */; };
		9AFBD13E192971EA00491A83 /* ____Tests.m in Sources */ = {isa = PBXBuildFile; fileRef = 9AFBD13D192971EA00491A83 /* ____Tests.m */; };
		9AFBD1491929726D00491A83 /* RootViewController.m in Sources */ = {isa = PBXBuildFile; fileRef = 9AFBD1481929726D00491A83 /* RootViewController.m */; };
		9AFBD14C1929773300491A83 /* MainViewController.m in Sources */ = {isa = PBXBuildFile; fileRef = 9AFBD14B1929773300491A83 /* MainViewController.m */; };
		9AFBD14F192977AF00491A83 /* AboutViewController.m in Sources */ = {isa = PBXBuildFile; fileRef = 9AFBD14E192977AF00491A83 /* AboutViewController.m */; };
/* End PBXBuildFile section */

/* Begin PBXContainerItemProxy section */
		9AFBD135192971EA00491A83 /* PBXContainerItemProxy */ = {
			isa = PBXContainerItemProxy;
			containerPortal = 9AFBD10D192971EA00491A83 /* Project object */;
			proxyType = 1;
			remoteGlobalIDString = 9AFBD114192971EA00491A83;
			remoteInfo = "我占你坐";
		};
/* End PBXContainerItemProxy section */

/* Begin PBXFileReference section */
		9A12CE0D193065FC000FD2C6 /* social_qq@2x.png */ = {isa = PBXFileReference; lastKnownFileType = image.png; path = "social_qq@2x.png"; sourceTree = "<group>"; };
		9A12CE0E193065FC000FD2C6 /* social_wx@2x.png */ = {isa = PBXFileReference; lastKnownFileType = image.png; path = "social_wx@2x.png"; sourceTree = "<group>"; };
		9A2702A1192DE1660003FA51 /* add@2x.png */ = {isa = PBXFileReference; lastKnownFileType = image.png; path = "add@2x.png"; sourceTree = "<group>"; };
		9A2702A3193054E90003FA51 /* social_header@2x.png */ = {isa = PBXFileReference; lastKnownFileType = image.png; path = "social_header@2x.png"; sourceTree = "<group>"; };
		9A29298B192D8540008A461F /* ManageViewController.h */ = {isa = PBXFileReference; fileEncoding = 4; lastKnownFileType = sourcecode.c.h; path = ManageViewController.h; sourceTree = "<group>"; };
		9A29298C192D8540008A461F /* ManageViewController.m */ = {isa = PBXFileReference; fileEncoding = 4; lastKnownFileType = sourcecode.c.objc; path = ManageViewController.m; sourceTree = "<group>"; };
		9A3C704D1930866000964A9E /* social_wp@2x.png */ = {isa = PBXFileReference; lastKnownFileType = image.png; path = "social_wp@2x.png"; sourceTree = "<group>"; };
		9A554E91192C1EB200D8B221 /* MJRefresh.bundle */ = {isa = PBXFileReference; lastKnownFileType = "wrapper.plug-in"; path = MJRefresh.bundle; sourceTree = "<group>"; };
		9A554E92192C1EB200D8B221 /* MJRefresh.h */ = {isa = PBXFileReference; fileEncoding = 4; lastKnownFileType = sourcecode.c.h; path = MJRefresh.h; sourceTree = "<group>"; };
		9A554E93192C1EB200D8B221 /* MJRefreshBaseView.h */ = {isa = PBXFileReference; fileEncoding = 4; lastKnownFileType = sourcecode.c.h; path = MJRefreshBaseView.h; sourceTree = "<group>"; };
		9A554E94192C1EB200D8B221 /* MJRefreshBaseView.m */ = {isa = PBXFileReference; fileEncoding = 4; lastKnownFileType = sourcecode.c.objc; path = MJRefreshBaseView.m; sourceTree = "<group>"; };
		9A554E95192C1EB200D8B221 /* MJRefreshConst.h */ = {isa = PBXFileReference; fileEncoding = 4; lastKnownFileType = sourcecode.c.h; path = MJRefreshConst.h; sourceTree = "<group>"; };
		9A554E96192C1EB200D8B221 /* MJRefreshConst.m */ = {isa = PBXFileReference; fileEncoding = 4; lastKnownFileType = sourcecode.c.objc; path = MJRefreshConst.m; sourceTree = "<group>"; };
		9A554E97192C1EB200D8B221 /* MJRefreshFooterView.h */ = {isa = PBXFileReference; fileEncoding = 4; lastKnownFileType = sourcecode.c.h; path = MJRefreshFooterView.h; sourceTree = "<group>"; };
		9A554E98192C1EB200D8B221 /* MJRefreshFooterView.m */ = {isa = PBXFileReference; fileEncoding = 4; lastKnownFileType = sourcecode.c.objc; path = MJRefreshFooterView.m; sourceTree = "<group>"; };
		9A554E99192C1EB200D8B221 /* MJRefreshHeaderView.h */ = {isa = PBXFileReference; fileEncoding = 4; lastKnownFileType = sourcecode.c.h; path = MJRefreshHeaderView.h; sourceTree = "<group>"; };
		9A554E9A192C1EB200D8B221 /* MJRefreshHeaderView.m */ = {isa = PBXFileReference; fileEncoding = 4; lastKnownFileType = sourcecode.c.objc; path = MJRefreshHeaderView.m; sourceTree = "<group>"; };
		9A58852E1929931800A648E4 /* NavigationController.h */ = {isa = PBXFileReference; fileEncoding = 4; lastKnownFileType = sourcecode.c.h; path = NavigationController.h; sourceTree = "<group>"; };
		9A58852F1929931800A648E4 /* NavigationController.m */ = {isa = PBXFileReference; fileEncoding = 4; lastKnownFileType = sourcecode.c.objc; path = NavigationController.m; sourceTree = "<group>"; };
		9A5885311929B0D800A648E4 /* MainTableViewCell.h */ = {isa = PBXFileReference; fileEncoding = 4; lastKnownFileType = sourcecode.c.h; path = MainTableViewCell.h; sourceTree = "<group>"; };
		9A5885321929B0D800A648E4 /* MainTableViewCell.m */ = {isa = PBXFileReference; fileEncoding = 4; lastKnownFileType = sourcecode.c.objc; path = MainTableViewCell.m; sourceTree = "<group>"; };
		9A5885341929B43600A648E4 /* 01@2x.jpg */ = {isa = PBXFileReference; lastKnownFileType = image.jpeg; path = "01@2x.jpg"; sourceTree = "<group>"; };
		9A5AED941929CADC008CC3CF /* MainTableViewCell.xib */ = {isa = PBXFileReference; fileEncoding = 4; lastKnownFileType = file.xib; path = MainTableViewCell.xib; sourceTree = "<group>"; };
		9A5AED961929D81D008CC3CF /* phone_call@2x.png */ = {isa = PBXFileReference; lastKnownFileType = image.png; path = "phone_call@2x.png"; sourceTree = "<group>"; };
		9A5AED981929D942008CC3CF /* phone_message@2x.png */ = {isa = PBXFileReference; lastKnownFileType = image.png; path = "phone_message@2x.png"; sourceTree = "<group>"; };
		9A5AED9E1929ED6E008CC3CF /* UIBarButtonItem+WEPopover.h */ = {isa = PBXFileReference; fileEncoding = 4; lastKnownFileType = sourcecode.c.h; path = "UIBarButtonItem+WEPopover.h"; sourceTree = "<group>"; };
		9A5AED9F1929ED6E008CC3CF /* UIBarButtonItem+WEPopover.m */ = {isa = PBXFileReference; fileEncoding = 4; lastKnownFileType = sourcecode.c.objc; path = "UIBarButtonItem+WEPopover.m"; sourceTree = "<group>"; };
		9A5AEDA01929ED6E008CC3CF /* TSPopoverController.h */ = {isa = PBXFileReference; fileEncoding = 4; lastKnownFileType = sourcecode.c.h; path = TSPopoverController.h; sourceTree = "<group>"; };
		9A5AEDA11929ED6E008CC3CF /* TSPopoverController.m */ = {isa = PBXFileReference; fileEncoding = 4; lastKnownFileType = sourcecode.c.objc; path = TSPopoverController.m; sourceTree = "<group>"; };
		9A5AEDA21929ED6E008CC3CF /* TSPopoverTouchView.h */ = {isa = PBXFileReference; fileEncoding = 4; lastKnownFileType = sourcecode.c.h; path = TSPopoverTouchView.h; sourceTree = "<group>"; };
		9A5AEDA31929ED6E008CC3CF /* TSPopoverTouchView.m */ = {isa = PBXFileReference; fileEncoding = 4; lastKnownFileType = sourcecode.c.objc; path = TSPopoverTouchView.m; sourceTree = "<group>"; };
		9A5AEDA41929ED6E008CC3CF /* TSPopoverTouchesDelegate.h */ = {isa = PBXFileReference; fileEncoding = 4; lastKnownFileType = sourcecode.c.h; path = TSPopoverTouchesDelegate.h; sourceTree = "<group>"; };
		9A5AEDA51929ED6E008CC3CF /* TSPopoverPopoverView.h */ = {isa = PBXFileReference; fileEncoding = 4; lastKnownFileType = sourcecode.c.h; path = TSPopoverPopoverView.h; sourceTree = "<group>"; };
		9A5AEDA61929ED6E008CC3CF /* TSPopoverPopoverView.m */ = {isa = PBXFileReference; fileEncoding = 4; lastKnownFileType = sourcecode.c.objc; path = TSPopoverPopoverView.m; sourceTree = "<group>"; };
		9A5AEDA71929ED6E008CC3CF /* TSActionSheet.h */ = {isa = PBXFileReference; fileEncoding = 4; lastKnownFileType = sourcecode.c.h; path = TSActionSheet.h; sourceTree = "<group>"; };
		9A5AEDA81929ED6E008CC3CF /* TSActionSheet.m */ = {isa = PBXFileReference; fileEncoding = 4; lastKnownFileType = sourcecode.c.objc; path = TSActionSheet.m; sourceTree = "<group>"; };
		9A5AEDAE192AE634008CC3CF /* EditingViewController.h */ = {isa = PBXFileReference; fileEncoding = 4; lastKnownFileType = sourcecode.c.h; path = EditingViewController.h; sourceTree = "<group>"; };
		9A5AEDAF192AE634008CC3CF /* EditingViewController.m */ = {isa = PBXFileReference; fileEncoding = 4; lastKnownFileType = sourcecode.c.objc; path = EditingViewController.m; sourceTree = "<group>"; };
		9A5AEDB4192AEE1C008CC3CF /* TPKeyboardAvoidingTableView.h */ = {isa = PBXFileReference; fileEncoding = 4; lastKnownFileType = sourcecode.c.h; path = TPKeyboardAvoidingTableView.h; sourceTree = "<group>"; };
		9A5AEDB5192AEE1C008CC3CF /* TPKeyboardAvoidingTableView.m */ = {isa = PBXFileReference; fileEncoding = 4; lastKnownFileType = sourcecode.c.objc; path = TPKeyboardAvoidingTableView.m; sourceTree = "<group>"; };
		9A5AEDB6192AEE1C008CC3CF /* UIScrollView+TPKeyboardAvoidingAdditions.h */ = {isa = PBXFileReference; fileEncoding = 4; lastKnownFileType = sourcecode.c.h; path = "UIScrollView+TPKeyboardAvoidingAdditions.h"; sourceTree = "<group>"; };
		9A5AEDB7192AEE1C008CC3CF /* UIScrollView+TPKeyboardAvoidingAdditions.m */ = {isa = PBXFileReference; fileEncoding = 4; lastKnownFileType = sourcecode.c.objc; path = "UIScrollView+TPKeyboardAvoidingAdditions.m"; sourceTree = "<group>"; };
		9A5AEDB8192AEE1C008CC3CF /* TPKeyboardAvoidingScrollView.h */ = {isa = PBXFileReference; fileEncoding = 4; lastKnownFileType = sourcecode.c.h; path = TPKeyboardAvoidingScrollView.h; sourceTree = "<group>"; };
		9A5AEDB9192AEE1C008CC3CF /* TPKeyboardAvoidingScrollView.m */ = {isa = PBXFileReference; fileEncoding = 4; lastKnownFileType = sourcecode.c.objc; path = TPKeyboardAvoidingScrollView.m; sourceTree = "<group>"; };
		9A5AEDBA192AEE1C008CC3CF /* UIPlaceHolderTextView.h */ = {isa = PBXFileReference; fileEncoding = 4; lastKnownFileType = sourcecode.c.h; path = UIPlaceHolderTextView.h; sourceTree = "<group>"; };
		9A5AEDBB192AEE1C008CC3CF /* UIPlaceHolderTextView.m */ = {isa = PBXFileReference; fileEncoding = 4; lastKnownFileType = sourcecode.c.objc; path = UIPlaceHolderTextView.m; sourceTree = "<group>"; };
		9A5AEDBC192AEE1C008CC3CF /* UIInsetTextField.h */ = {isa = PBXFileReference; fileEncoding = 4; lastKnownFileType = sourcecode.c.h; path = UIInsetTextField.h; sourceTree = "<group>"; };
		9A5AEDBD192AEE1C008CC3CF /* UIInsetTextField.m */ = {isa = PBXFileReference; fileEncoding = 4; lastKnownFileType = sourcecode.c.objc; path = UIInsetTextField.m; sourceTree = "<group>"; };
		9A63F968192CE92300987DAD /* circle1@2x.png */ = {isa = PBXFileReference; lastKnownFileType = image.png; path = "circle1@2x.png"; sourceTree = "<group>"; };
		9A63F969192CE92300987DAD /* circle2@2x.png */ = {isa = PBXFileReference; lastKnownFileType = image.png; path = "circle2@2x.png"; sourceTree = "<group>"; };
		9A63F96A192CE92300987DAD /* circle3@2x.png */ = {isa = PBXFileReference; lastKnownFileType = image.png; path = "circle3@2x.png"; sourceTree = "<group>"; };
		9A63F96B192CE92300987DAD /* circle4@2x.png */ = {isa = PBXFileReference; lastKnownFileType = image.png; path = "circle4@2x.png"; sourceTree = "<group>"; };
		9AA7519D193C9EB200965BCF /* YHLoadHeaderImage.h */ = {isa = PBXFileReference; fileEncoding = 4; lastKnownFileType = sourcecode.c.h; path = YHLoadHeaderImage.h; sourceTree = "<group>"; };
		9AA7519E193C9EB200965BCF /* YHLoadHeaderImage.m */ = {isa = PBXFileReference; fileEncoding = 4; lastKnownFileType = sourcecode.c.objc; path = YHLoadHeaderImage.m; sourceTree = "<group>"; };
		9AC0F62C1931DAA900E6DFCD /* logo_temp@2x.png */ = {isa = PBXFileReference; lastKnownFileType = image.png; path = "logo_temp@2x.png"; sourceTree = "<group>"; };
		9ADBE935192CF1FA00C1E9F8 /* dot1@2x.png */ = {isa = PBXFileReference; lastKnownFileType = image.png; path = "dot1@2x.png"; sourceTree = "<group>"; };
		9ADBE936192CF1FA00C1E9F8 /* dot2@2x.png */ = {isa = PBXFileReference; lastKnownFileType = image.png; path = "dot2@2x.png"; sourceTree = "<group>"; };
		9ADE72FD192DAF81007CD118 /* tab_about@2x.png */ = {isa = PBXFileReference; lastKnownFileType = image.png; path = "tab_about@2x.png"; sourceTree = "<group>"; };
		9ADE72FE192DAF81007CD118 /* tab_find@2x.png */ = {isa = PBXFileReference; lastKnownFileType = image.png; path = "tab_find@2x.png"; sourceTree = "<group>"; };
		9ADE7301192DB224007CD118 /* circle0@2x.png */ = {isa = PBXFileReference; lastKnownFileType = image.png; path = "circle0@2x.png"; sourceTree = "<group>"; };
		9AF85E94192D9A0E00D1D5B9 /* CustomButton.h */ = {isa = PBXFileReference; fileEncoding = 4; lastKnownFileType = sourcecode.c.h; path = CustomButton.h; sourceTree = "<group>"; };
		9AF85E95192D9A0E00D1D5B9 /* CustomButton.m */ = {isa = PBXFileReference; fileEncoding = 4; lastKnownFileType = sourcecode.c.objc; path = CustomButton.m; sourceTree = "<group>"; };
		9AF85E97192DA5C100D1D5B9 /* content_delete@2x.png */ = {isa = PBXFileReference; lastKnownFileType = image.png; path = "content_delete@2x.png"; sourceTree = "<group>"; };
		9AF85E98192DA5C100D1D5B9 /* content_hide@2x.png */ = {isa = PBXFileReference; lastKnownFileType = image.png; path = "content_hide@2x.png"; sourceTree = "<group>"; };
		9AFBD115192971EA00491A83 /* 我占你坐.app */ = {isa = PBXFileReference; explicitFileType = wrapper.application; includeInIndex = 0; path = "我占你坐.app"; sourceTree = BUILT_PRODUCTS_DIR; };
		9AFBD118192971EA00491A83 /* Foundation.framework */ = {isa = PBXFileReference; lastKnownFileType = wrapper.framework; name = Foundation.framework; path = System/Library/Frameworks/Foundation.framework; sourceTree = SDKROOT; };
		9AFBD11A192971EA00491A83 /* CoreGraphics.framework */ = {isa = PBXFileReference; lastKnownFileType = wrapper.framework; name = CoreGraphics.framework; path = System/Library/Frameworks/CoreGraphics.framework; sourceTree = SDKROOT; };
		9AFBD11C192971EA00491A83 /* UIKit.framework */ = {isa = PBXFileReference; lastKnownFileType = wrapper.framework; name = UIKit.framework; path = System/Library/Frameworks/UIKit.framework; sourceTree = SDKROOT; };
		9AFBD120192971EA00491A83 /* 我占你坐-Info.plist */ = {isa = PBXFileReference; lastKnownFileType = text.plist.xml; path = "我占你坐-Info.plist"; sourceTree = "<group>"; };
		9AFBD122192971EA00491A83 /* en */ = {isa = PBXFileReference; lastKnownFileType = text.plist.strings; name = en; path = en.lproj/InfoPlist.strings; sourceTree = "<group>"; };
		9AFBD124192971EA00491A83 /* main.m */ = {isa = PBXFileReference; lastKnownFileType = sourcecode.c.objc; path = main.m; sourceTree = "<group>"; };
		9AFBD126192971EA00491A83 /* 我占你坐-Prefix.pch */ = {isa = PBXFileReference; lastKnownFileType = sourcecode.c.h; path = "我占你坐-Prefix.pch"; sourceTree = "<group>"; };
		9AFBD127192971EA00491A83 /* AppDelegate.h */ = {isa = PBXFileReference; lastKnownFileType = sourcecode.c.h; path = AppDelegate.h; sourceTree = "<group>"; };
		9AFBD128192971EA00491A83 /* AppDelegate.m */ = {isa = PBXFileReference; lastKnownFileType = sourcecode.c.objc; path = AppDelegate.m; sourceTree = "<group>"; };
		9AFBD12A192971EA00491A83 /* Images.xcassets */ = {isa = PBXFileReference; lastKnownFileType = folder.assetcatalog; path = Images.xcassets; sourceTree = "<group>"; };
		9AFBD130192971EA00491A83 /* 我占你坐Tests.xctest */ = {isa = PBXFileReference; explicitFileType = wrapper.cfbundle; includeInIndex = 0; path = "我占你坐Tests.xctest"; sourceTree = BUILT_PRODUCTS_DIR; };
		9AFBD131192971EA00491A83 /* XCTest.framework */ = {isa = PBXFileReference; lastKnownFileType = wrapper.framework; name = XCTest.framework; path = Library/Frameworks/XCTest.framework; sourceTree = DEVELOPER_DIR; };
		9AFBD139192971EA00491A83 /* 我占你坐Tests-Info.plist */ = {isa = PBXFileReference; lastKnownFileType = text.plist.xml; path = "我占你坐Tests-Info.plist"; sourceTree = "<group>"; };
		9AFBD13B192971EA00491A83 /* en */ = {isa = PBXFileReference; lastKnownFileType = text.plist.strings; name = en; path = en.lproj/InfoPlist.strings; sourceTree = "<group>"; };
		9AFBD13D192971EA00491A83 /* ____Tests.m */ = {isa = PBXFileReference; lastKnownFileType = sourcecode.c.objc; path = "____Tests.m"; sourceTree = "<group>"; };
		9AFBD1471929726D00491A83 /* RootViewController.h */ = {isa = PBXFileReference; fileEncoding = 4; lastKnownFileType = sourcecode.c.h; path = RootViewController.h; sourceTree = "<group>"; };
		9AFBD1481929726D00491A83 /* RootViewController.m */ = {isa = PBXFileReference; fileEncoding = 4; lastKnownFileType = sourcecode.c.objc; path = RootViewController.m; sourceTree = "<group>"; };
		9AFBD14A1929773300491A83 /* MainViewController.h */ = {isa = PBXFileReference; fileEncoding = 4; lastKnownFileType = sourcecode.c.h; path = MainViewController.h; sourceTree = "<group>"; };
		9AFBD14B1929773300491A83 /* MainViewController.m */ = {isa = PBXFileReference; fileEncoding = 4; lastKnownFileType = sourcecode.c.objc; path = MainViewController.m; sourceTree = "<group>"; };
		9AFBD14D192977AF00491A83 /* AboutViewController.h */ = {isa = PBXFileReference; fileEncoding = 4; lastKnownFileType = sourcecode.c.h; path = AboutViewController.h; sourceTree = "<group>"; };
		9AFBD14E192977AF00491A83 /* AboutViewController.m */ = {isa = PBXFileReference; fileEncoding = 4; lastKnownFileType = sourcecode.c.objc; path = AboutViewController.m; sourceTree = "<group>"; };
/* End PBXFileReference section */

/* Begin PBXFrameworksBuildPhase section */
		9AFBD112192971EA00491A83 /* Frameworks */ = {
			isa = PBXFrameworksBuildPhase;
			buildActionMask = 2147483647;
			files = (
				9AFBD11B192971EA00491A83 /* CoreGraphics.framework in Frameworks */,
				9AFBD11D192971EA00491A83 /* UIKit.framework in Frameworks */,
				9AFBD119192971EA00491A83 /* Foundation.framework in Frameworks */,
			);
			runOnlyForDeploymentPostprocessing = 0;
		};
		9AFBD12D192971EA00491A83 /* Frameworks */ = {
			isa = PBXFrameworksBuildPhase;
			buildActionMask = 2147483647;
			files = (
				9AFBD132192971EA00491A83 /* XCTest.framework in Frameworks */,
				9AFBD134192971EA00491A83 /* UIKit.framework in Frameworks */,
				9AFBD133192971EA00491A83 /* Foundation.framework in Frameworks */,
			);
			runOnlyForDeploymentPostprocessing = 0;
		};
/* End PBXFrameworksBuildPhase section */

/* Begin PBXGroup section */
		9A554E90192C1E9900D8B221 /* MJRefresh */ = {
			isa = PBXGroup;
			children = (
				9A554E91192C1EB200D8B221 /* MJRefresh.bundle */,
				9A554E92192C1EB200D8B221 /* MJRefresh.h */,
				9A554E93192C1EB200D8B221 /* MJRefreshBaseView.h */,
				9A554E94192C1EB200D8B221 /* MJRefreshBaseView.m */,
				9A554E95192C1EB200D8B221 /* MJRefreshConst.h */,
				9A554E96192C1EB200D8B221 /* MJRefreshConst.m */,
				9A554E97192C1EB200D8B221 /* MJRefreshFooterView.h */,
				9A554E98192C1EB200D8B221 /* MJRefreshFooterView.m */,
				9A554E99192C1EB200D8B221 /* MJRefreshHeaderView.h */,
				9A554E9A192C1EB200D8B221 /* MJRefreshHeaderView.m */,
			);
			name = MJRefresh;
			sourceTree = "<group>";
		};
		9A5AED9A1929E274008CC3CF /* TSPopover */ = {
			isa = PBXGroup;
			children = (
				9A5AED9E1929ED6E008CC3CF /* UIBarButtonItem+WEPopover.h */,
				9A5AED9F1929ED6E008CC3CF /* UIBarButtonItem+WEPopover.m */,
				9A5AEDA01929ED6E008CC3CF /* TSPopoverController.h */,
				9A5AEDA11929ED6E008CC3CF /* TSPopoverController.m */,
				9A5AEDA21929ED6E008CC3CF /* TSPopoverTouchView.h */,
				9A5AEDA31929ED6E008CC3CF /* TSPopoverTouchView.m */,
				9A5AEDA41929ED6E008CC3CF /* TSPopoverTouchesDelegate.h */,
				9A5AEDA51929ED6E008CC3CF /* TSPopoverPopoverView.h */,
				9A5AEDA61929ED6E008CC3CF /* TSPopoverPopoverView.m */,
				9A5AEDA71929ED6E008CC3CF /* TSActionSheet.h */,
				9A5AEDA81929ED6E008CC3CF /* TSActionSheet.m */,
			);
			name = TSPopover;
			sourceTree = "<group>";
		};
		9A5AEDB3192AEE0D008CC3CF /* TPKeyboard */ = {
			isa = PBXGroup;
			children = (
				9A5AEDB4192AEE1C008CC3CF /* TPKeyboardAvoidingTableView.h */,
				9A5AEDB5192AEE1C008CC3CF /* TPKeyboardAvoidingTableView.m */,
				9A5AEDB6192AEE1C008CC3CF /* UIScrollView+TPKeyboardAvoidingAdditions.h */,
				9A5AEDB7192AEE1C008CC3CF /* UIScrollView+TPKeyboardAvoidingAdditions.m */,
				9A5AEDB8192AEE1C008CC3CF /* TPKeyboardAvoidingScrollView.h */,
				9A5AEDB9192AEE1C008CC3CF /* TPKeyboardAvoidingScrollView.m */,
			);
			name = TPKeyboard;
			sourceTree = "<group>";
		};
		9AA6D9CA193D68C900B3D1A3 /* Others */ = {
			isa = PBXGroup;
			children = (
				9A554E90192C1E9900D8B221 /* MJRefresh */,
				9A5AEDBA192AEE1C008CC3CF /* UIPlaceHolderTextView.h */,
				9A5AEDBB192AEE1C008CC3CF /* UIPlaceHolderTextView.m */,
				9A5AEDBC192AEE1C008CC3CF /* UIInsetTextField.h */,
				9A5AEDBD192AEE1C008CC3CF /* UIInsetTextField.m */,
				9A5AEDB3192AEE0D008CC3CF /* TPKeyboard */,
				9A5AED9A1929E274008CC3CF /* TSPopover */,
			);
			name = Others;
			sourceTree = "<group>";
		};
		9AA751A0193C9EB700965BCF /* HelperClass */ = {
			isa = PBXGroup;
			children = (
				9AA7519D193C9EB200965BCF /* YHLoadHeaderImage.h */,
				9AA7519E193C9EB200965BCF /* YHLoadHeaderImage.m */,
			);
			name = HelperClass;
			sourceTree = "<group>";
		};
		9AFBD10C192971EA00491A83 = {
			isa = PBXGroup;
			children = (
				9AFBD11E192971EA00491A83 /* 我占你坐 */,
				9AFBD137192971EA00491A83 /* 我占你坐Tests */,
				9AFBD117192971EA00491A83 /* Frameworks */,
				9AFBD116192971EA00491A83 /* Products */,
			);
			sourceTree = "<group>";
		};
		9AFBD116192971EA00491A83 /* Products */ = {
			isa = PBXGroup;
			children = (
				9AFBD115192971EA00491A83 /* 我占你坐.app */,
				9AFBD130192971EA00491A83 /* 我占你坐Tests.xctest */,
			);
			name = Products;
			sourceTree = "<group>";
		};
		9AFBD117192971EA00491A83 /* Frameworks */ = {
			isa = PBXGroup;
			children = (
				9AFBD118192971EA00491A83 /* Foundation.framework */,
				9AFBD11A192971EA00491A83 /* CoreGraphics.framework */,
				9AFBD11C192971EA00491A83 /* UIKit.framework */,
				9AFBD131192971EA00491A83 /* XCTest.framework */,
			);
			name = Frameworks;
			sourceTree = "<group>";
		};
		9AFBD11E192971EA00491A83 /* 我占你坐 */ = {
			isa = PBXGroup;
			children = (
				9AA6D9CA193D68C900B3D1A3 /* Others */,
				9AFBD127192971EA00491A83 /* AppDelegate.h */,
				9AFBD128192971EA00491A83 /* AppDelegate.m */,
				9AFBD12A192971EA00491A83 /* Images.xcassets */,
				9AFBD11F192971EA00491A83 /* Supporting Files */,
				9AFBD1471929726D00491A83 /* RootViewController.h */,
				9AFBD1481929726D00491A83 /* RootViewController.m */,
				9A58852E1929931800A648E4 /* NavigationController.h */,
				9A58852F1929931800A648E4 /* NavigationController.m */,
				9AFBD14A1929773300491A83 /* MainViewController.h */,
				9AFBD14B1929773300491A83 /* MainViewController.m */,
				9A5885311929B0D800A648E4 /* MainTableViewCell.h */,
				9A5885321929B0D800A648E4 /* MainTableViewCell.m */,
				9A5AED941929CADC008CC3CF /* MainTableViewCell.xib */,
				9A29298B192D8540008A461F /* ManageViewController.h */,
				9A29298C192D8540008A461F /* ManageViewController.m */,
				9AFBD14D192977AF00491A83 /* AboutViewController.h */,
				9AFBD14E192977AF00491A83 /* AboutViewController.m */,
				9A5AEDAE192AE634008CC3CF /* EditingViewController.h */,
				9A5AEDAF192AE634008CC3CF /* EditingViewController.m */,
				9AF85E94192D9A0E00D1D5B9 /* CustomButton.h */,
				9AF85E95192D9A0E00D1D5B9 /* CustomButton.m */,
				9AA751A0193C9EB700965BCF /* HelperClass */,
			);
			path = "我占你坐";
			sourceTree = "<group>";
		};
		9AFBD11F192971EA00491A83 /* Supporting Files */ = {
			isa = PBXGroup;
			children = (
				9AC0F62C1931DAA900E6DFCD /* logo_temp@2x.png */,
				9A3C704D1930866000964A9E /* social_wp@2x.png */,
				9A12CE0D193065FC000FD2C6 /* social_qq@2x.png */,
				9A12CE0E193065FC000FD2C6 /* social_wx@2x.png */,
				9A2702A3193054E90003FA51 /* social_header@2x.png */,
				9A2702A1192DE1660003FA51 /* add@2x.png */,
				9ADE7301192DB224007CD118 /* circle0@2x.png */,
				9ADE72FD192DAF81007CD118 /* tab_about@2x.png */,
				9ADE72FE192DAF81007CD118 /* tab_find@2x.png */,
				9AF85E97192DA5C100D1D5B9 /* content_delete@2x.png */,
				9AF85E98192DA5C100D1D5B9 /* content_hide@2x.png */,
				9ADBE935192CF1FA00C1E9F8 /* dot1@2x.png */,
				9ADBE936192CF1FA00C1E9F8 /* dot2@2x.png */,
				9A63F968192CE92300987DAD /* circle1@2x.png */,
				9A63F969192CE92300987DAD /* circle2@2x.png */,
				9A63F96A192CE92300987DAD /* circle3@2x.png */,
				9A63F96B192CE92300987DAD /* circle4@2x.png */,
				9A5AED981929D942008CC3CF /* phone_message@2x.png */,
				9A5AED961929D81D008CC3CF /* phone_call@2x.png */,
				9A5885341929B43600A648E4 /* 01@2x.jpg */,
				9AFBD120192971EA00491A83 /* 我占你坐-Info.plist */,
				9AFBD121192971EA00491A83 /* InfoPlist.strings */,
				9AFBD124192971EA00491A83 /* main.m */,
				9AFBD126192971EA00491A83 /* 我占你坐-Prefix.pch */,
			);
			name = "Supporting Files";
			sourceTree = "<group>";
		};
		9AFBD137192971EA00491A83 /* 我占你坐Tests */ = {
			isa = PBXGroup;
			children = (
				9AFBD13D192971EA00491A83 /* ____Tests.m */,
				9AFBD138192971EA00491A83 /* Supporting Files */,
			);
			path = "我占你坐Tests";
			sourceTree = "<group>";
		};
		9AFBD138192971EA00491A83 /* Supporting Files */ = {
			isa = PBXGroup;
			children = (
				9AFBD139192971EA00491A83 /* 我占你坐Tests-Info.plist */,
				9AFBD13A192971EA00491A83 /* InfoPlist.strings */,
			);
			name = "Supporting Files";
			sourceTree = "<group>";
		};
/* End PBXGroup section */

/* Begin PBXNativeTarget section */
		9AFBD114192971EA00491A83 /* 我占你坐 */ = {
			isa = PBXNativeTarget;
			buildConfigurationList = 9AFBD141192971EA00491A83 /* Build configuration list for PBXNativeTarget "我占你坐" */;
			buildPhases = (
				9AFBD111192971EA00491A83 /* Sources */,
				9AFBD112192971EA00491A83 /* Frameworks */,
				9AFBD113192971EA00491A83 /* Resources */,
			);
			buildRules = (
			);
			dependencies = (
			);
			name = "我占你坐";
			productName = "我占你坐";
			productReference = 9AFBD115192971EA00491A83 /* 我占你坐.app */;
			productType = "com.apple.product-type.application";
		};
		9AFBD12F192971EA00491A83 /* 我占你坐Tests */ = {
			isa = PBXNativeTarget;
			buildConfigurationList = 9AFBD144192971EA00491A83 /* Build configuration list for PBXNativeTarget "我占你坐Tests" */;
			buildPhases = (
				9AFBD12C192971EA00491A83 /* Sources */,
				9AFBD12D192971EA00491A83 /* Frameworks */,
				9AFBD12E192971EA00491A83 /* Resources */,
			);
			buildRules = (
			);
			dependencies = (
				9AFBD136192971EA00491A83 /* PBXTargetDependency */,
			);
			name = "我占你坐Tests";
			productName = "我占你坐Tests";
			productReference = 9AFBD130192971EA00491A83 /* 我占你坐Tests.xctest */;
			productType = "com.apple.product-type.bundle.unit-test";
		};
/* End PBXNativeTarget section */

/* Begin PBXProject section */
		9AFBD10D192971EA00491A83 /* Project object */ = {
			isa = PBXProject;
			attributes = {
				LastUpgradeCheck = 0510;
				ORGANIZATIONNAME = GraphicSound;
				TargetAttributes = {
					9AFBD114192971EA00491A83 = {
						DevelopmentTeam = 2YPRP8J3V3;
					};
					9AFBD12F192971EA00491A83 = {
						TestTargetID = 9AFBD114192971EA00491A83;
					};
				};
			};
			buildConfigurationList = 9AFBD110192971EA00491A83 /* Build configuration list for PBXProject "我占你坐" */;
			compatibilityVersion = "Xcode 3.2";
			developmentRegion = English;
			hasScannedForEncodings = 0;
			knownRegions = (
				en,
			);
			mainGroup = 9AFBD10C192971EA00491A83;
			productRefGroup = 9AFBD116192971EA00491A83 /* Products */;
			projectDirPath = "";
			projectRoot = "";
			targets = (
				9AFBD114192971EA00491A83 /* 我占你坐 */,
				9AFBD12F192971EA00491A83 /* 我占你坐Tests */,
			);
		};
/* End PBXProject section */

/* Begin PBXResourcesBuildPhase section */
		9AFBD113192971EA00491A83 /* Resources */ = {
			isa = PBXResourcesBuildPhase;
			buildActionMask = 2147483647;
			files = (
				9ADBE937192CF1FA00C1E9F8 /* dot1@2x.png in Resources */,
				9A5885351929B43600A648E4 /* 01@2x.jpg in Resources */,
				9A63F96D192CE92300987DAD /* circle2@2x.png in Resources */,
				9AC0F62D1931DAA900E6DFCD /* logo_temp@2x.png in Resources */,
				9AFBD123192971EA00491A83 /* InfoPlist.strings in Resources */,
				9ADE7300192DAF81007CD118 /* tab_find@2x.png in Resources */,
				9A63F96F192CE92300987DAD /* circle4@2x.png in Resources */,
				9A554E9B192C1EB200D8B221 /* MJRefresh.bundle in Resources */,
				9A5AED991929D942008CC3CF /* phone_message@2x.png in Resources */,
				9A3C704E1930866000964A9E /* social_wp@2x.png in Resources */,
				9A12CE10193065FC000FD2C6 /* social_wx@2x.png in Resources */,
				9AF85E9A192DA5C100D1D5B9 /* content_hide@2x.png in Resources */,
				9A2702A2192DE1660003FA51 /* add@2x.png in Resources */,
				9A5AED971929D81D008CC3CF /* phone_call@2x.png in Resources */,
				9AFBD12B192971EA00491A83 /* Images.xcassets in Resources */,
				9A63F96C192CE92300987DAD /* circle1@2x.png in Resources */,
				9A63F96E192CE92300987DAD /* circle3@2x.png in Resources */,
				9AF85E99192DA5C100D1D5B9 /* content_delete@2x.png in Resources */,
				9ADBE938192CF1FA00C1E9F8 /* dot2@2x.png in Resources */,
				9ADE7302192DB224007CD118 /* circle0@2x.png in Resources */,
				9A12CE0F193065FC000FD2C6 /* social_qq@2x.png in Resources */,
				9ADE72FF192DAF81007CD118 /* tab_about@2x.png in Resources */,
				9A5AED951929CADC008CC3CF /* MainTableViewCell.xib in Resources */,
				9A2702A4193054E90003FA51 /* social_header@2x.png in Resources */,
			);
			runOnlyForDeploymentPostprocessing = 0;
		};
		9AFBD12E192971EA00491A83 /* Resources */ = {
			isa = PBXResourcesBuildPhase;
			buildActionMask = 2147483647;
			files = (
				9AFBD13C192971EA00491A83 /* InfoPlist.strings in Resources */,
			);
			runOnlyForDeploymentPostprocessing = 0;
		};
/* End PBXResourcesBuildPhase section */

/* Begin PBXSourcesBuildPhase section */
		9AFBD111192971EA00491A83 /* Sources */ = {
			isa = PBXSourcesBuildPhase;
			buildActionMask = 2147483647;
			files = (
				9AF85E96192D9A0E00D1D5B9 /* CustomButton.m in Sources */,
				9A5AEDAC1929ED6E008CC3CF /* TSPopoverPopoverView.m in Sources */,
				9AFBD129192971EA00491A83 /* AppDelegate.m in Sources */,
				9A554E9F192C1EB200D8B221 /* MJRefreshHeaderView.m in Sources */,
				9A29298D192D8540008A461F /* ManageViewController.m in Sources */,
				9AFBD14F192977AF00491A83 /* AboutViewController.m in Sources */,
				9AFBD125192971EA00491A83 /* main.m in Sources */,
				9A554E9D192C1EB200D8B221 /* MJRefreshConst.m in Sources */,
				9A5AEDBF192AEE1C008CC3CF /* UIScrollView+TPKeyboardAvoidingAdditions.m in Sources */,
				9A554E9E192C1EB200D8B221 /* MJRefreshFooterView.m in Sources */,
				9A5AEDAD1929ED6E008CC3CF /* TSActionSheet.m in Sources */,
				9A554E9C192C1EB200D8B221 /* MJRefreshBaseView.m in Sources */,
				9A5AEDAA1929ED6E008CC3CF /* TSPopoverController.m in Sources */,
				9AFBD1491929726D00491A83 /* RootViewController.m in Sources */,
				9AA7519F193C9EB200965BCF /* YHLoadHeaderImage.m in Sources */,
				9AFBD14C1929773300491A83 /* MainViewController.m in Sources */,
				9A5AEDC0192AEE1C008CC3CF /* TPKeyboardAvoidingScrollView.m in Sources */,
				9A5885331929B0D800A648E4 /* MainTableViewCell.m in Sources */,
				9A5AEDBE192AEE1C008CC3CF /* TPKeyboardAvoidingTableView.m in Sources */,
				9A5AEDAB1929ED6E008CC3CF /* TSPopoverTouchView.m in Sources */,
				9A5AEDC1192AEE1C008CC3CF /* UIPlaceHolderTextView.m in Sources */,
				9A5AEDA91929ED6E008CC3CF /* UIBarButtonItem+WEPopover.m in Sources */,
				9A5AEDC2192AEE1C008CC3CF /* UIInsetTextField.m in Sources */,
				9A5AEDB1192AE634008CC3CF /* EditingViewController.m in Sources */,
				9A5885301929931800A648E4 /* NavigationController.m in Sources */,
			);
			runOnlyForDeploymentPostprocessing = 0;
		};
		9AFBD12C192971EA00491A83 /* Sources */ = {
			isa = PBXSourcesBuildPhase;
			buildActionMask = 2147483647;
			files = (
				9AFBD13E192971EA00491A83 /* ____Tests.m in Sources */,
			);
			runOnlyForDeploymentPostprocessing = 0;
		};
/* End PBXSourcesBuildPhase section */

/* Begin PBXTargetDependency section */
		9AFBD136192971EA00491A83 /* PBXTargetDependency */ = {
			isa = PBXTargetDependency;
			target = 9AFBD114192971EA00491A83 /* 我占你坐 */;
			targetProxy = 9AFBD135192971EA00491A83 /* PBXContainerItemProxy */;
		};
/* End PBXTargetDependency section */

/* Begin PBXVariantGroup section */
		9AFBD121192971EA00491A83 /* InfoPlist.strings */ = {
			isa = PBXVariantGroup;
			children = (
				9AFBD122192971EA00491A83 /* en */,
			);
			name = InfoPlist.strings;
			sourceTree = "<group>";
		};
		9AFBD13A192971EA00491A83 /* InfoPlist.strings */ = {
			isa = PBXVariantGroup;
			children = (
				9AFBD13B192971EA00491A83 /* en */,
			);
			name = InfoPlist.strings;
			sourceTree = "<group>";
		};
/* End PBXVariantGroup section */

/* Begin XCBuildConfiguration section */
		9AFBD13F192971EA00491A83 /* Debug */ = {
			isa = XCBuildConfiguration;
			buildSettings = {
				ALWAYS_SEARCH_USER_PATHS = NO;
				CLANG_CXX_LANGUAGE_STANDARD = "gnu++0x";
				CLANG_CXX_LIBRARY = "libc++";
				CLANG_ENABLE_MODULES = YES;
				CLANG_ENABLE_OBJC_ARC = YES;
				CLANG_WARN_BOOL_CONVERSION = YES;
				CLANG_WARN_CONSTANT_CONVERSION = YES;
				CLANG_WARN_DIRECT_OBJC_ISA_USAGE = YES_ERROR;
				CLANG_WARN_EMPTY_BODY = YES;
				CLANG_WARN_ENUM_CONVERSION = YES;
				CLANG_WARN_INT_CONVERSION = YES;
				CLANG_WARN_OBJC_ROOT_CLASS = YES_ERROR;
				CLANG_WARN__DUPLICATE_METHOD_MATCH = YES;
				"CODE_SIGN_IDENTITY[sdk=iphoneos*]" = "iPhone Developer";
				COPY_PHASE_STRIP = NO;
				GCC_C_LANGUAGE_STANDARD = gnu99;
				GCC_DYNAMIC_NO_PIC = NO;
				GCC_OPTIMIZATION_LEVEL = 0;
				GCC_PREPROCESSOR_DEFINITIONS = (
					"DEBUG=1",
					"$(inherited)",
				);
				GCC_SYMBOLS_PRIVATE_EXTERN = NO;
				GCC_WARN_64_TO_32_BIT_CONVERSION = YES;
				GCC_WARN_ABOUT_RETURN_TYPE = YES_ERROR;
				GCC_WARN_UNDECLARED_SELECTOR = YES;
				GCC_WARN_UNINITIALIZED_AUTOS = YES_AGGRESSIVE;
				GCC_WARN_UNUSED_FUNCTION = YES;
				GCC_WARN_UNUSED_VARIABLE = YES;
				IPHONEOS_DEPLOYMENT_TARGET = 7.0;
				ONLY_ACTIVE_ARCH = YES;
				SDKROOT = iphoneos;
			};
			name = Debug;
		};
		9AFBD140192971EA00491A83 /* Release */ = {
			isa = XCBuildConfiguration;
			buildSettings = {
				ALWAYS_SEARCH_USER_PATHS = NO;
				CLANG_CXX_LANGUAGE_STANDARD = "gnu++0x";
				CLANG_CXX_LIBRARY = "libc++";
				CLANG_ENABLE_MODULES = YES;
				CLANG_ENABLE_OBJC_ARC = YES;
				CLANG_WARN_BOOL_CONVERSION = YES;
				CLANG_WARN_CONSTANT_CONVERSION = YES;
				CLANG_WARN_DIRECT_OBJC_ISA_USAGE = YES_ERROR;
				CLANG_WARN_EMPTY_BODY = YES;
				CLANG_WARN_ENUM_CONVERSION = YES;
				CLANG_WARN_INT_CONVERSION = YES;
				CLANG_WARN_OBJC_ROOT_CLASS = YES_ERROR;
				CLANG_WARN__DUPLICATE_METHOD_MATCH = YES;
				"CODE_SIGN_IDENTITY[sdk=iphoneos*]" = "iPhone Developer";
				COPY_PHASE_STRIP = YES;
				ENABLE_NS_ASSERTIONS = NO;
				GCC_C_LANGUAGE_STANDARD = gnu99;
				GCC_WARN_64_TO_32_BIT_CONVERSION = YES;
				GCC_WARN_ABOUT_RETURN_TYPE = YES_ERROR;
				GCC_WARN_UNDECLARED_SELECTOR = YES;
				GCC_WARN_UNINITIALIZED_AUTOS = YES_AGGRESSIVE;
				GCC_WARN_UNUSED_FUNCTION = YES;
				GCC_WARN_UNUSED_VARIABLE = YES;
				IPHONEOS_DEPLOYMENT_TARGET = 7.0;
				SDKROOT = iphoneos;
				VALIDATE_PRODUCT = YES;
			};
			name = Release;
		};
		9AFBD142192971EA00491A83 /* Debug */ = {
			isa = XCBuildConfiguration;
			buildSettings = {
				ASSETCATALOG_COMPILER_APPICON_NAME = AppIcon;
				ASSETCATALOG_COMPILER_LAUNCHIMAGE_NAME = LaunchImage;
				CODE_SIGN_IDENTITY = "iPhone Developer";
				"CODE_SIGN_IDENTITY[sdk=iphoneos*]" = "iPhone Developer";
				FRAMEWORK_SEARCH_PATHS = (
					"$(inherited)",
					"$(PROJECT_DIR)",
				);
				GCC_PRECOMPILE_PREFIX_HEADER = YES;
				GCC_PREFIX_HEADER = "我占你坐/我占你坐-Prefix.pch";
				INFOPLIST_FILE = "我占你坐/我占你坐-Info.plist";
				IPHONEOS_DEPLOYMENT_TARGET = 7.0;
				OTHER_LDFLAGS = "";
				PRODUCT_NAME = "$(TARGET_NAME)";
				PROVISIONING_PROFILE = "";
				WRAPPER_EXTENSION = app;
			};
			name = Debug;
		};
		9AFBD143192971EA00491A83 /* Release */ = {
			isa = XCBuildConfiguration;
			buildSettings = {
				ASSETCATALOG_COMPILER_APPICON_NAME = AppIcon;
				ASSETCATALOG_COMPILER_LAUNCHIMAGE_NAME = LaunchImage;
				CODE_SIGN_IDENTITY = "iPhone Developer";
				"CODE_SIGN_IDENTITY[sdk=iphoneos*]" = "iPhone Developer";
				FRAMEWORK_SEARCH_PATHS = (
					"$(inherited)",
					"$(PROJECT_DIR)",
				);
				GCC_PRECOMPILE_PREFIX_HEADER = YES;
				GCC_PREFIX_HEADER = "我占你坐/我占你坐-Prefix.pch";
				INFOPLIST_FILE = "我占你坐/我占你坐-Info.plist";
				IPHONEOS_DEPLOYMENT_TARGET = 7.0;
				OTHER_LDFLAGS = "";
				PRODUCT_NAME = "$(TARGET_NAME)";
				PROVISIONING_PROFILE = "";
				WRAPPER_EXTENSION = app;
			};
			name = Release;
		};
		9AFBD145192971EA00491A83 /* Debug */ = {
			isa = XCBuildConfiguration;
			buildSettings = {
				BUNDLE_LOADER = "$(BUILT_PRODUCTS_DIR)/我占你坐.app/我占你坐";
				FRAMEWORK_SEARCH_PATHS = (
					"$(SDKROOT)/Developer/Library/Frameworks",
					"$(inherited)",
					"$(DEVELOPER_FRAMEWORKS_DIR)",
				);
				GCC_PRECOMPILE_PREFIX_HEADER = YES;
				GCC_PREFIX_HEADER = "我占你坐/我占你坐-Prefix.pch";
				GCC_PREPROCESSOR_DEFINITIONS = (
					"DEBUG=1",
					"$(inherited)",
				);
				INFOPLIST_FILE = "我占你坐Tests/我占你坐Tests-Info.plist";
				PRODUCT_NAME = "$(TARGET_NAME)";
				TEST_HOST = "$(BUNDLE_LOADER)";
				WRAPPER_EXTENSION = xctest;
			};
			name = Debug;
		};
		9AFBD146192971EA00491A83 /* Release */ = {
			isa = XCBuildConfiguration;
			buildSettings = {
				BUNDLE_LOADER = "$(BUILT_PRODUCTS_DIR)/我占你坐.app/我占你坐";
				FRAMEWORK_SEARCH_PATHS = (
					"$(SDKROOT)/Developer/Library/Frameworks",
					"$(inherited)",
					"$(DEVELOPER_FRAMEWORKS_DIR)",
				);
				GCC_PRECOMPILE_PREFIX_HEADER = YES;
				GCC_PREFIX_HEADER = "我占你坐/我占你坐-Prefix.pch";
				INFOPLIST_FILE = "我占你坐Tests/我占你坐Tests-Info.plist";
				PRODUCT_NAME = "$(TARGET_NAME)";
				TEST_HOST = "$(BUNDLE_LOADER)";
				WRAPPER_EXTENSION = xctest;
			};
			name = Release;
		};
/* End XCBuildConfiguration section */

/* Begin XCConfigurationList section */
		9AFBD110192971EA00491A83 /* Build configuration list for PBXProject "我占你坐" */ = {
			isa = XCConfigurationList;
			buildConfigurations = (
				9AFBD13F192971EA00491A83 /* Debug */,
				9AFBD140192971EA00491A83 /* Release */,
			);
			defaultConfigurationIsVisible = 0;
			defaultConfigurationName = Release;
		};
		9AFBD141192971EA00491A83 /* Build configuration list for PBXNativeTarget "我占你坐" */ = {
			isa = XCConfigurationList;
			buildConfigurations = (
				9AFBD142192971EA00491A83 /* Debug */,
				9AFBD143192971EA00491A83 /* Release */,
			);
			defaultConfigurationIsVisible = 0;
			defaultConfigurationName = Release;
		};
		9AFBD144192971EA00491A83 /* Build configuration list for PBXNativeTarget "我占你坐Tests" */ = {
			isa = XCConfigurationList;
			buildConfigurations = (
				9AFBD145192971EA00491A83 /* Debug */,
				9AFBD146192971EA00491A83 /* Release */,
			);
			defaultConfigurationIsVisible = 0;
			defaultConfigurationName = Release;
		};
/* End XCConfigurationList section */
	};
	rootObject = 9AFBD10D192971EA00491A83 /* Project object */;
}
